
Microsoft Visual Studio Solution File, Format Version 12.00
# Visual Studio Version 17
VisualStudioVersion = 17.14.36109.1
MinimumVisualStudioVersion = 10.0.40219.1
Project("{FAE04EC0-301F-11D3-BF4B-00C04F79EFBC}") = "MyShelf.Logic", "MyShelf.Logic\MyShelf.Logic.csproj", "{4E29FAF4-1FB4-4F65-88F4-343950B456F5}"
EndProject
Project("{FAE04EC0-301F-11D3-BF4B-00C04F79EFBC}") = "MyShelf.DB", "MyShelf.DB\MyShelf.DB.csproj", "{AEFF5230-E4D4-400A-BDC7-348460DC1DAA}"
EndProject
Project("{FAE04EC0-301F-11D3-BF4B-00C04F79EFBC}") = "MyShelf.UI", "MyShelf.UI\MyShelf.UI.csproj", "{BC3E3402-BDF0-4F73-A542-C71508413320}"
EndProject
Project("{FAE04EC0-301F-11D3-BF4B-00C04F79EFBC}") = "MyShelf.Web", "MyShelf.Web\MyShelf.Web.csproj", "{6BDB842D-A17B-4EEE-AA5A-03D9F2CB9D4D}"
EndProject
Project("{FAE04EC0-301F-11D3-BF4B-00C04F79EFBC}") = "MyShelfBasicTesting.cs", "MyShelfBasicTesting.cs\MyShelfBasicTesting.cs.csproj", "{C09EB6AF-08C3-499D-92FD-8240B8970ED7}"
EndProject
Global
	GlobalSection(SolutionConfigurationPlatforms) = preSolution
		Debug|Any CPU = Debug|Any CPU
		Release|Any CPU = Release|Any CPU
	EndGlobalSection
	GlobalSection(ProjectConfigurationPlatforms) = postSolution
		{4E29FAF4-1FB4-4F65-88F4-343950B456F5}.Debug|Any CPU.ActiveCfg = Debug|Any CPU
		{4E29FAF4-1FB4-4F65-88F4-343950B456F5}.Debug|Any CPU.Build.0 = Debug|Any CPU
		{4E29FAF4-1FB4-4F65-88F4-343950B456F5}.Release|Any CPU.ActiveCfg = Release|Any CPU
		{4E29FAF4-1FB4-4F65-88F4-343950B456F5}.Release|Any CPU.Build.0 = Release|Any CPU
		{AEFF5230-E4D4-400A-BDC7-348460DC1DAA}.Debug|Any CPU.ActiveCfg = Debug|Any CPU
		{AEFF5230-E4D4-400A-BDC7-348460DC1DAA}.Debug|Any CPU.Build.0 = Debug|Any CPU
		{AEFF5230-E4D4-400A-BDC7-348460DC1DAA}.Release|Any CPU.ActiveCfg = Release|Any CPU
		{AEFF5230-E4D4-400A-BDC7-348460DC1DAA}.Release|Any CPU.Build.0 = Release|Any CPU
		{BC3E3402-BDF0-4F73-A542-C71508413320}.Debug|Any CPU.ActiveCfg = Debug|Any CPU
		{BC3E3402-BDF0-4F73-A542-C71508413320}.Debug|Any CPU.Build.0 = Debug|Any CPU
		{BC3E3402-BDF0-4F73-A542-C71508413320}.Release|Any CPU.ActiveCfg = Release|Any CPU
		{BC3E3402-BDF0-4F73-A542-C71508413320}.Release|Any CPU.Build.0 = Release|Any CPU
		{6BDB842D-A17B-4EEE-AA5A-03D9F2CB9D4D}.Debug|Any CPU.ActiveCfg = Debug|Any CPU
		{6BDB842D-A17B-4EEE-AA5A-03D9F2CB9D4D}.Debug|Any CPU.Build.0 = Debug|Any CPU
		{6BDB842D-A17B-4EEE-AA5A-03D9F2CB9D4D}.Release|Any CPU.ActiveCfg = Release|Any CPU
		{6BDB842D-A17B-4EEE-AA5A-03D9F2CB9D4D}.Release|Any CPU.Build.0 = Release|Any CPU
		{C09EB6AF-08C3-499D-92FD-8240B8970ED7}.Debug|Any CPU.ActiveCfg = Debug|Any CPU
		{C09EB6AF-08C3-499D-92FD-8240B8970ED7}.Debug|Any CPU.Build.0 = Debug|Any CPU
		{C09EB6AF-08C3-499D-92FD-8240B8970ED7}.Release|Any CPU.ActiveCfg = Release|Any CPU
		{C09EB6AF-08C3-499D-92FD-8240B8970ED7}.Release|Any CPU.Build.0 = Release|Any CPU
	EndGlobalSection
	GlobalSection(SolutionProperties) = preSolution
		HideSolutionNode = FALSE
	EndGlobalSection
	GlobalSection(ExtensibilityGlobals) = postSolution
		SolutionGuid = {B13D71F9-A504-47D2-A30C-3C1F2C1CB251}
	EndGlobalSection
EndGlobal
